
Microsoft Visual Studio Solution File, Format Version 12.00
# Visual Studio Version 17
VisualStudioVersion = 17.9.34701.34
MinimumVisualStudioVersion = 10.0.40219.1
Project("{FAE04EC0-301F-11D3-BF4B-00C04F79EFBC}") = "VP Project SYSTEM", "VP Project SYSTEM.csproj", "{F5BDFE49-2089-45DC-9EFA-54734FE55764}"
EndProject
Global
	GlobalSection(SolutionConfigurationPlatforms) = preSolution
		Debug|Any CPU = Debug|Any CPU
		Release|Any CPU = Release|Any CPU
	EndGlobalSection
	GlobalSection(ProjectConfigurationPlatforms) = postSolution
		{F5BDFE49-2089-45DC-9EFA-54734FE55764}.Debug|Any CPU.ActiveCfg = Debug|Any CPU
		{F5BDFE49-2089-45DC-9EFA-54734FE55764}.Debug|Any CPU.Build.0 = Debug|Any CPU
		{F5BDFE49-2089-45DC-9EFA-54734FE55764}.Release|Any CPU.ActiveCfg = Release|Any CPU
		{F5BDFE49-2089-45DC-9EFA-54734FE55764}.Release|Any CPU.Build.0 = Release|Any CPU
	EndGlobalSection
	GlobalSection(SolutionProperties) = preSolution
		HideSolutionNode = FALSE
	EndGlobalSection
	GlobalSection(ExtensibilityGlobals) = postSolution
		SolutionGuid = {D8091142-977B-4F23-B9B3-CBA1EB75C0C1}
	EndGlobalSection
EndGlobal
